
Microsoft Visual Studio Solution File, Format Version 12.00
# Visual Studio 14
VisualStudioVersion = 14.0.25420.1
MinimumVisualStudioVersion = 10.0.40219.1
Project("{FAE04EC0-301F-11D3-BF4B-00C04F79EFBC}") = "TDD.LinkedList", "TDD.LinkedList\TDD.LinkedList.csproj", "{B3686C0C-4A86-4444-9D5D-7E5487042064}"
EndProject
Project("{FAE04EC0-301F-11D3-BF4B-00C04F79EFBC}") = "Unit.Tests", "Unit.Tests\Unit.Tests.csproj", "{4CE42799-B97C-48A5-84E2-28291772A720}"
EndProject
Global
	GlobalSection(SolutionConfigurationPlatforms) = preSolution
		Debug|Any CPU = Debug|Any CPU
		Release|Any CPU = Release|Any CPU
	EndGlobalSection
	GlobalSection(ProjectConfigurationPlatforms) = postSolution
		{B3686C0C-4A86-4444-9D5D-7E5487042064}.Debug|Any CPU.ActiveCfg = Debug|Any CPU
		{B3686C0C-4A86-4444-9D5D-7E5487042064}.Debug|Any CPU.Build.0 = Debug|Any CPU
		{B3686C0C-4A86-4444-9D5D-7E5487042064}.Release|Any CPU.ActiveCfg = Release|Any CPU
		{B3686C0C-4A86-4444-9D5D-7E5487042064}.Release|Any CPU.Build.0 = Release|Any CPU
		{4CE42799-B97C-48A5-84E2-28291772A720}.Debug|Any CPU.ActiveCfg = Debug|Any CPU
		{4CE42799-B97C-48A5-84E2-28291772A720}.Debug|Any CPU.Build.0 = Debug|Any CPU
		{4CE42799-B97C-48A5-84E2-28291772A720}.Release|Any CPU.ActiveCfg = Release|Any CPU
		{4CE42799-B97C-48A5-84E2-28291772A720}.Release|Any CPU.Build.0 = Release|Any CPU
	EndGlobalSection
	GlobalSection(SolutionProperties) = preSolution
		HideSolutionNode = FALSE
	EndGlobalSection
EndGlobal
